// !$*UTF8*$!
{
	archiveVersion = 1;
	classes = {
	};
	objectVersion = 46;
	objects = {

/* Begin PBXBuildFile section */
		187BB2841B0B077B007C24FC /* main.m in Sources */ = {isa = PBXBuildFile; fileRef = 187BB2831B0B077B007C24FC /* main.m */; };
		187BB2871B0B077B007C24FC /* AppDelegate.m in Sources */ = {isa = PBXBuildFile; fileRef = 187BB2861B0B077B007C24FC /* AppDelegate.m */; };
		187BB28A1B0B077B007C24FC /* ViewController.m in Sources */ = {isa = PBXBuildFile; fileRef = 187BB2891B0B077B007C24FC /* ViewController.m */; };
		187BB28D1B0B077B007C24FC /* Main.storyboard in Resources */ = {isa = PBXBuildFile; fileRef = 187BB28B1B0B077B007C24FC /* Main.storyboard */; };
		187BB28F1B0B077B007C24FC /* Images.xcassets in Resources */ = {isa = PBXBuildFile; fileRef = 187BB28E1B0B077B007C24FC /* Images.xcassets */; };
		187BB2921B0B077B007C24FC /* LaunchScreen.xib in Resources */ = {isa = PBXBuildFile; fileRef = 187BB2901B0B077B007C24FC /* LaunchScreen.xib */; };
		187BB29E1B0B077B007C24FC /* newProjectTests.m in Sources */ = {isa = PBXBuildFile; fileRef = 187BB29D1B0B077B007C24FC /* newProjectTests.m */; };
/* End PBXBuildFile section */

/* Begin PBXContainerItemProxy section */
		187BB2981B0B077B007C24FC /* PBXContainerItemProxy */ = {
			isa = PBXContainerItemProxy;
			containerPortal = 187BB2761B0B077A007C24FC /* Project object */;
			proxyType = 1;
			remoteGlobalIDString = 187BB27D1B0B077A007C24FC;
			remoteInfo = newProject;
		};
/* End PBXContainerItemProxy section */

/* Begin PBXFileReference section */
		187BB27E1B0B077B007C24FC /* newProject.app */ = {isa = PBXFileReference; explicitFileType = wrapper.application; includeInIndex = 0; path = newProject.app; sourceTree = BUILT_PRODUCTS_DIR; };
		187BB2821B0B077B007C24FC /* Info.plist */ = {isa = PBXFileReference; lastKnownFileType = text.plist.xml; path = Info.plist; sourceTree = "<group>"; };
		187BB2831B0B077B007C24FC /* main.m */ = {isa = PBXFileReference; lastKnownFileType = sourcecode.c.objc; path = main.m; sourceTree = "<group>"; };
		187BB2851B0B077B007C24FC /* AppDelegate.h */ = {isa = PBXFileReference; lastKnownFileType = sourcecode.c.h; path = AppDelegate.h; sourceTree = "<group>"; };
		187BB2861B0B077B007C24FC /* AppDelegate.m */ = {isa = PBXFileReference; lastKnownFileType = sourcecode.c.objc; path = AppDelegate.m; sourceTree = "<group>"; };
		187BB2881B0B077B007C24FC /* ViewController.h */ = {isa = PBXFileReference; lastKnownFileType = sourcecode.c.h; path = ViewController.h; sourceTree = "<group>"; };
		187BB2891B0B077B007C24FC /* ViewController.m */ = {isa = PBXFileReference; lastKnownFileType = sourcecode.c.objc; path = ViewController.m; sourceTree = "<group>"; };
		187BB28C1B0B077B007C24FC /* Base */ = {isa = PBXFileReference; lastKnownFileType = file.storyboard; name = Base; path = Base.lproj/Main.storyboard; sourceTree = "<group>"; };
		187BB28E1B0B077B007C24FC /* Images.xcassets */ = {isa = PBXFileReference; lastKnownFileType = folder.assetcatalog; path = Images.xcassets; sourceTree = "<group>"; };
		187BB2911B0B077B007C24FC /* Base */ = {isa = PBXFileReference; lastKnownFileType = file.xib; name = Base; path = Base.lproj/LaunchScreen.xib; sourceTree = "<group>"; };
		187BB2971B0B077B007C24FC /* newProjectTests.xctest */ = {isa = PBXFileReference; explicitFileType = wrapper.cfbundle; includeInIndex = 0; path = newProjectTests.xctest; sourceTree = BUILT_PRODUCTS_DIR; };
		187BB29C1B0B077B007C24FC /* Info.plist */ = {isa = PBXFileReference; lastKnownFileType = text.plist.xml; path = Info.plist; sourceTree = "<group>"; };
		187BB29D1B0B077B007C24FC /* newProjectTests.m */ = {isa = PBXFileReference; lastKnownFileType = sourcecode.c.objc; path = newProjectTests.m; sourceTree = "<group>"; };
/* End PBXFileReference section */

/* Begin PBXFrameworksBuildPhase section */
		187BB27B1B0B077A007C24FC /* Frameworks */ = {
			isa = PBXFrameworksBuildPhase;
			buildActionMask = 2147483647;
			files = (
			);
			runOnlyForDeploymentPostprocessing = 0;
		};
		187BB2941B0B077B007C24FC /* Frameworks */ = {
			isa = PBXFrameworksBuildPhase;
			buildActionMask = 2147483647;
			files = (
			);
			runOnlyForDeploymentPostprocessing = 0;
		};
/* End PBXFrameworksBuildPhase section */

/* Begin PBXGroup section */
		187BB2751B0B077A007C24FC = {
			isa = PBXGroup;
			children = (
				187BB2801B0B077B007C24FC /* newProject */,
				187BB29A1B0B077B007C24FC /* newProjectTests */,
				187BB27F1B0B077B007C24FC /* Products */,
			);
			sourceTree = "<group>";
		};
		187BB27F1B0B077B007C24FC /* Products */ = {
			isa = PBXGroup;
			children = (
				187BB27E1B0B077B007C24FC /* newProject.app */,
				187BB2971B0B077B007C24FC /* newProjectTests.xctest */,
			);
			name = Products;
			sourceTree = "<group>";
		};
		187BB2801B0B077B007C24FC /* newProject */ = {
			isa = PBXGroup;
			children = (
				187BB2851B0B077B007C24FC /* AppDelegate.h */,
				187BB2861B0B077B007C24FC /* AppDelegate.m */,
				187BB2881B0B077B007C24FC /* ViewController.h */,
				187BB2891B0B077B007C24FC /* ViewController.m */,
				187BB28B1B0B077B007C24FC /* Main.storyboard */,
				187BB28E1B0B077B007C24FC /* Images.xcassets */,
				187BB2901B0B077B007C24FC /* LaunchScreen.xib */,
				187BB2811B0B077B007C24FC /* Supporting Files */,
			);
			path = newProject;
			sourceTree = "<group>";
		};
		187BB2811B0B077B007C24FC /* Supporting Files */ = {
			isa = PBXGroup;
			children = (
				187BB2821B0B077B007C24FC /* Info.plist */,
				187BB2831B0B077B007C24FC /* main.m */,
			);
			name = "Supporting Files";
			sourceTree = "<group>";
		};
		187BB29A1B0B077B007C24FC /* newProjectTests */ = {
			isa = PBXGroup;
			children = (
				187BB29D1B0B077B007C24FC /* newProjectTests.m */,
				187BB29B1B0B077B007C24FC /* Supporting Files */,
			);
			path = newProjectTests;
			sourceTree = "<group>";
		};
		187BB29B1B0B077B007C24FC /* Supporting Files */ = {
			isa = PBXGroup;
			children = (
				187BB29C1B0B077B007C24FC /* Info.plist */,
			);
			name = "Supporting Files";
			sourceTree = "<group>";
		};
/* End PBXGroup section */

/* Begin PBXNativeTarget section */
		187BB27D1B0B077A007C24FC /* newProject */ = {
			isa = PBXNativeTarget;
			buildConfigurationList = 187BB2A11B0B077B007C24FC /* Build configuration list for PBXNativeTarget "newProject" */;
			buildPhases = (
				187BB27A1B0B077A007C24FC /* Sources */,
				187BB27B1B0B077A007C24FC /* Frameworks */,
				187BB27C1B0B077A007C24FC /* Resources */,
			);
			buildRules = (
			);
			dependencies = (
			);
			name = newProject;
			productName = newProject;
			productReference = 187BB27E1B0B077B007C24FC /* newProject.app */;
			productType = "com.apple.product-type.application";
		};
		187BB2961B0B077B007C24FC /* newProjectTests */ = {
			isa = PBXNativeTarget;
			buildConfigurationList = 187BB2A41B0B077B007C24FC /* Build configuration list for PBXNativeTarget "newProjectTests" */;
			buildPhases = (
				187BB2931B0B077B007C24FC /* Sources */,
				187BB2941B0B077B007C24FC /* Frameworks */,
				187BB2951B0B077B007C24FC /* Resources */,
			);
			buildRules = (
			);
			dependencies = (
				187BB2991B0B077B007C24FC /* PBXTargetDependency */,
			);
			name = newProjectTests;
			productName = newProjectTests;
			productReference = 187BB2971B0B077B007C24FC /* newProjectTests.xctest */;
			productType = "com.apple.product-type.bundle.unit-test";
		};
/* End PBXNativeTarget section */

/* Begin PBXProject section */
		187BB2761B0B077A007C24FC /* Project object */ = {
			isa = PBXProject;
			attributes = {
				LastUpgradeCheck = 0620;
				ORGANIZATIONNAME = Harrison;
				TargetAttributes = {
					187BB27D1B0B077A007C24FC = {
						CreatedOnToolsVersion = 6.2;
					};
					187BB2961B0B077B007C24FC = {
						CreatedOnToolsVersion = 6.2;
						TestTargetID = 187BB27D1B0B077A007C24FC;
					};
				};
			};
			buildConfigurationList = 187BB2791B0B077A007C24FC /* Build configuration list for PBXProject "newProject" */;
			compatibilityVersion = "Xcode 3.2";
			developmentRegion = English;
			hasScannedForEncodings = 0;
			knownRegions = (
				en,
				Base,
			);
			mainGroup = 187BB2751B0B077A007C24FC;
			productRefGroup = 187BB27F1B0B077B007C24FC /* Products */;
			projectDirPath = "";
			projectRoot = "";
			targets = (
				187BB27D1B0B077A007C24FC /* newProject */,
				187BB2961B0B077B007C24FC /* newProjectTests */,
			);
		};
/* End PBXProject section */

/* Begin PBXResourcesBuildPhase section */
		187BB27C1B0B077A007C24FC /* Resources */ = {
			isa = PBXResourcesBuildPhase;
			buildActionMask = 2147483647;
			files = (
				187BB28D1B0B077B007C24FC /* Main.storyboard in Resources */,
				187BB2921B0B077B007C24FC /* LaunchScreen.xib in Resources */,
				187BB28F1B0B077B007C24FC /* Images.xcassets in Resources */,
			);
			runOnlyForDeploymentPostprocessing = 0;
		};
		187BB2951B0B077B007C24FC /* Resources */ = {
			isa = PBXResourcesBuildPhase;
			buildActionMask = 2147483647;
			files = (
			);
			runOnlyForDeploymentPostprocessing = 0;
		};
/* End PBXResourcesBuildPhase section */

/* Begin PBXSourcesBuildPhase section */
		187BB27A1B0B077A007C24FC /* Sources */ = {
			isa = PBXSourcesBuildPhase;
			buildActionMask = 2147483647;
			files = (
				187BB28A1B0B077B007C24FC /* ViewController.m in Sources */,
				187BB2871B0B077B007C24FC /* AppDelegate.m in Sources */,
				187BB2841B0B077B007C24FC /* main.m in Sources */,
			);
			runOnlyForDeploymentPostprocessing = 0;
		};
		187BB2931B0B077B007C24FC /* Sources */ = {
			isa = PBXSourcesBuildPhase;
			buildActionMask = 2147483647;
			files = (
				187BB29E1B0B077B007C24FC /* newProjectTests.m in Sources */,
			);
			runOnlyForDeploymentPostprocessing = 0;
		};
/* End PBXSourcesBuildPhase section */

/* Begin PBXTargetDependency section */
		187BB2991B0B077B007C24FC /* PBXTargetDependency */ = {
			isa = PBXTargetDependency;
			target = 187BB27D1B0B077A007C24FC /* newProject */;
			targetProxy = 187BB2981B0B077B007C24FC /* PBXContainerItemProxy */;
		};
/* End PBXTargetDependency section */

/* Begin PBXVariantGroup section */
		187BB28B1B0B077B007C24FC /* Main.storyboard */ = {
			isa = PBXVariantGroup;
			children = (
				187BB28C1B0B077B007C24FC /* Base */,
			);
			name = Main.storyboard;
			sourceTree = "<group>";
		};
		187BB2901B0B077B007C24FC /* LaunchScreen.xib */ = {
			isa = PBXVariantGroup;
			children = (
				187BB2911B0B077B007C24FC /* Base */,
			);
			name = LaunchScreen.xib;
			sourceTree = "<group>";
		};
/* End PBXVariantGroup section */

/* Begin XCBuildConfiguration section */
		187BB29F1B0B077B007C24FC /* Debug */ = {
			isa = XCBuildConfiguration;
			buildSettings = {
				ALWAYS_SEARCH_USER_PATHS = NO;
				CLANG_CXX_LANGUAGE_STANDARD = "gnu++0x";
				CLANG_CXX_LIBRARY = "libc++";
				CLANG_ENABLE_MODULES = YES;
				CLANG_ENABLE_OBJC_ARC = YES;
				CLANG_WARN_BOOL_CONVERSION = YES;
				CLANG_WARN_CONSTANT_CONVERSION = YES;
				CLANG_WARN_DIRECT_OBJC_ISA_USAGE = YES_ERROR;
				CLANG_WARN_EMPTY_BODY = YES;
				CLANG_WARN_ENUM_CONVERSION = YES;
				CLANG_WARN_INT_CONVERSION = YES;
				CLANG_WARN_OBJC_ROOT_CLASS = YES_ERROR;
				CLANG_WARN_UNREACHABLE_CODE = YES;
				CLANG_WARN__DUPLICATE_METHOD_MATCH = YES;
				"CODE_SIGN_IDENTITY[sdk=iphoneos*]" = "iPhone Developer";
				COPY_PHASE_STRIP = NO;
				ENABLE_STRICT_OBJC_MSGSEND = YES;
				GCC_C_LANGUAGE_STANDARD = gnu99;
				GCC_DYNAMIC_NO_PIC = NO;
				GCC_OPTIMIZATION_LEVEL = 0;
				GCC_PREPROCESSOR_DEFINITIONS = (
					"DEBUG=1",
					"$(inherited)",
				);
				GCC_SYMBOLS_PRIVATE_EXTERN = NO;
				GCC_WARN_64_TO_32_BIT_CONVERSION = YES;
				GCC_WARN_ABOUT_RETURN_TYPE = YES_ERROR;
				GCC_WARN_UNDECLARED_SELECTOR = YES;
				GCC_WARN_UNINITIALIZED_AUTOS = YES_AGGRESSIVE;
				GCC_WARN_UNUSED_FUNCTION = YES;
				GCC_WARN_UNUSED_VARIABLE = YES;
				IPHONEOS_DEPLOYMENT_TARGET = 8.2;
				MTL_ENABLE_DEBUG_INFO = YES;
				ONLY_ACTIVE_ARCH = YES;
				SDKROOT = iphoneos;
			};
			name = Debug;
		};
		187BB2A01B0B077B007C24FC /* Release */ = {
			isa = XCBuildConfiguration;
			buildSettings = {
				ALWAYS_SEARCH_USER_PATHS = NO;
				CLANG_CXX_LANGUAGE_STANDARD = "gnu++0x";
				CLANG_CXX_LIBRARY = "libc++";
				CLANG_ENABLE_MODULES = YES;
				CLANG_ENABLE_OBJC_ARC = YES;
				CLANG_WARN_BOOL_CONVERSION = YES;
				CLANG_WARN_CONSTANT_CONVERSION = YES;
				CLANG_WARN_DIRECT_OBJC_ISA_USAGE = YES_ERROR;
				CLANG_WARN_EMPTY_BODY = YES;
				CLANG_WARN_ENUM_CONVERSION = YES;
				CLANG_WARN_INT_CONVERSION = YES;
				CLANG_WARN_OBJC_ROOT_CLASS = YES_ERROR;
				CLANG_WARN_UNREACHABLE_CODE = YES;
				CLANG_WARN__DUPLICATE_METHOD_MATCH = YES;
				"CODE_SIGN_IDENTITY[sdk=iphoneos*]" = "iPhone Developer";
				COPY_PHASE_STRIP = NO;
				ENABLE_NS_ASSERTIONS = NO;
				ENABLE_STRICT_OBJC_MSGSEND = YES;
				GCC_C_LANGUAGE_STANDARD = gnu99;
				GCC_WARN_64_TO_32_BIT_CONVERSION = YES;
				GCC_WARN_ABOUT_RETURN_TYPE = YES_ERROR;
				GCC_WARN_UNDECLARED_SELECTOR = YES;
				GCC_WARN_UNINITIALIZED_AUTOS = YES_AGGRESSIVE;
				GCC_WARN_UNUSED_FUNCTION = YES;
				GCC_WARN_UNUSED_VARIABLE = YES;
				IPHONEOS_DEPLOYMENT_TARGET = 8.2;
				MTL_ENABLE_DEBUG_INFO = NO;
				SDKROOT = iphoneos;
				VALIDATE_PRODUCT = YES;
			};
			name = Release;
		};
		187BB2A21B0B077B007C24FC /* Debug */ = {
			isa = XCBuildConfiguration;
			buildSettings = {
				ASSETCATALOG_COMPILER_APPICON_NAME = AppIcon;
				INFOPLIST_FILE = newProject/Info.plist;
				LD_RUNPATH_SEARCH_PATHS = "$(inherited) @executable_path/Frameworks";
				PRODUCT_NAME = "$(TARGET_NAME)";
			};
			name = Debug;
		};
		187BB2A31B0B077B007C24FC /* Release */ = {
			isa = XCBuildConfiguration;
			buildSettings = {
				ASSETCATALOG_COMPILER_APPICON_NAME = AppIcon;
				INFOPLIST_FILE = newProject/Info.plist;
				LD_RUNPATH_SEARCH_PATHS = "$(inherited) @executable_path/Frameworks";
				PRODUCT_NAME = "$(TARGET_NAME)";
			};
			name = Release;
		};
		187BB2A51B0B077B007C24FC /* Debug */ = {
			isa = XCBuildConfiguration;
			buildSettings = {
				BUNDLE_LOADER = "$(TEST_HOST)";
				FRAMEWORK_SEARCH_PATHS = (
					"$(SDKROOT)/Developer/Library/Frameworks",
					"$(inherited)",
				);
				GCC_PREPROCESSOR_DEFINITIONS = (
					"DEBUG=1",
					"$(inherited)",
				);
				INFOPLIST_FILE = newProjectTests/Info.plist;
				LD_RUNPATH_SEARCH_PATHS = "$(inherited) @executable_path/Frameworks @loader_path/Frameworks";
				PRODUCT_NAME = "$(TARGET_NAME)";
				TEST_HOST = "$(BUILT_PRODUCTS_DIR)/newProject.app/newProject";
			};
			name = Debug;
		};
		187BB2A61B0B077B007C24FC /* Release */ = {
			isa = XCBuildConfiguration;
			buildSettings = {
				BUNDLE_LOADER = "$(TEST_HOST)";
				FRAMEWORK_SEARCH_PATHS = (
					"$(SDKROOT)/Developer/Library/Frameworks",
					"$(inherited)",
				);
				INFOPLIST_FILE = newProjectTests/Info.plist;
				LD_RUNPATH_SEARCH_PATHS = "$(inherited) @executable_path/Frameworks @loader_path/Frameworks";
				PRODUCT_NAME = "$(TARGET_NAME)";
				TEST_HOST = "$(BUILT_PRODUCTS_DIR)/newProject.app/newProject";
			};
			name = Release;
		};
/* End XCBuildConfiguration section */

/* Begin XCConfigurationList section */
		187BB2791B0B077A007C24FC /* Build configuration list for PBXProject "newProject" */ = {
			isa = XCConfigurationList;
			buildConfigurations = (
				187BB29F1B0B077B007C24FC /* Debug */,
				187BB2A01B0B077B007C24FC /* Release */,
			);
			defaultConfigurationIsVisible = 0;
			defaultConfigurationName = Release;
		};
		187BB2A11B0B077B007C24FC /* Build configuration list for PBXNativeTarget "newProject" */ = {
			isa = XCConfigurationList;
			buildConfigurations = (
				187BB2A21B0B077B007C24FC /* Debug */,
				187BB2A31B0B077B007C24FC /* Release */,
			);
			defaultConfigurationIsVisible = 0;
		};
		187BB2A41B0B077B007C24FC /* Build configuration list for PBXNativeTarget "newProjectTests" */ = {
			isa = XCConfigurationList;
			buildConfigurations = (
				187BB2A51B0B077B007C24FC /* Debug */,
				187BB2A61B0B077B007C24FC /* Release */,
			);
			defaultConfigurationIsVisible = 0;
		};
/* End XCConfigurationList section */
	};
	rootObject = 187BB2761B0B077A007C24FC /* Project object */;
}
